
Microsoft Visual Studio Solution File, Format Version 12.00
# Visual Studio Version 16
VisualStudioVersion = 16.0.29102.190
MinimumVisualStudioVersion = 10.0.40219.1
Project("{FAE04EC0-301F-11D3-BF4B-00C04F79EFBC}") = "DiscordBot", "DiscordBot\DiscordBot.csproj", "{3EEC707F-E556-43F2-B4F7-4B8C16242DD3}"
EndProject
Project("{9A19103F-16F7-4668-BE54-9A1E7A4F7556}") = "DiscordBotTest", "DiscordBotTest\DiscordBotTest.csproj", "{78F0AD5B-05F7-42D5-9572-A0E7D3602E04}"
EndProject
Project("{FAE04EC0-301F-11D3-BF4B-00C04F79EFBC}") = "Lib", "Lib\Lib.csproj", "{8726E929-2D33-4447-BDF7-C04DA99E1787}"
EndProject
Global
	GlobalSection(SolutionConfigurationPlatforms) = preSolution
		Debug|Any CPU = Debug|Any CPU
		Release|Any CPU = Release|Any CPU
	EndGlobalSection
	GlobalSection(ProjectConfigurationPlatforms) = postSolution
		{3EEC707F-E556-43F2-B4F7-4B8C16242DD3}.Debug|Any CPU.ActiveCfg = Debug|Any CPU
		{3EEC707F-E556-43F2-B4F7-4B8C16242DD3}.Debug|Any CPU.Build.0 = Debug|Any CPU
		{3EEC707F-E556-43F2-B4F7-4B8C16242DD3}.Release|Any CPU.ActiveCfg = Release|Any CPU
		{3EEC707F-E556-43F2-B4F7-4B8C16242DD3}.Release|Any CPU.Build.0 = Release|Any CPU
		{78F0AD5B-05F7-42D5-9572-A0E7D3602E04}.Debug|Any CPU.ActiveCfg = Debug|Any CPU
		{78F0AD5B-05F7-42D5-9572-A0E7D3602E04}.Debug|Any CPU.Build.0 = Debug|Any CPU
		{78F0AD5B-05F7-42D5-9572-A0E7D3602E04}.Release|Any CPU.ActiveCfg = Release|Any CPU
		{78F0AD5B-05F7-42D5-9572-A0E7D3602E04}.Release|Any CPU.Build.0 = Release|Any CPU
		{8726E929-2D33-4447-BDF7-C04DA99E1787}.Debug|Any CPU.ActiveCfg = Debug|Any CPU
		{8726E929-2D33-4447-BDF7-C04DA99E1787}.Debug|Any CPU.Build.0 = Debug|Any CPU
		{8726E929-2D33-4447-BDF7-C04DA99E1787}.Release|Any CPU.ActiveCfg = Release|Any CPU
		{8726E929-2D33-4447-BDF7-C04DA99E1787}.Release|Any CPU.Build.0 = Release|Any CPU
	EndGlobalSection
	GlobalSection(SolutionProperties) = preSolution
		HideSolutionNode = FALSE
	EndGlobalSection
	GlobalSection(ExtensibilityGlobals) = postSolution
		SolutionGuid = {93C3CA29-27F3-4746-A71C-92A0FBD5EB38}
	EndGlobalSection
EndGlobal
